
Microsoft Visual Studio Solution File, Format Version 12.00
# Visual Studio 15
VisualStudioVersion = 15.0.27130.2036
MinimumVisualStudioVersion = 10.0.40219.1
Project("{FAE04EC0-301F-11D3-BF4B-00C04F79EFBC}") = "HDC2", "HDC2\HDC2\HDC2.csproj", "{CE0B0061-4566-4D81-A316-FEEEC04E4CF8}"
EndProject
Project("{FAE04EC0-301F-11D3-BF4B-00C04F79EFBC}") = "HDC2.Desktop", "HDC2\HDC2.Desktop\HDC2.Desktop.csproj", "{6CD719B8-2337-41C7-A810-DD6F0AEAE5AA}"
EndProject
Global
	GlobalSection(SolutionConfigurationPlatforms) = preSolution
		Debug|Any CPU = Debug|Any CPU
		Release|Any CPU = Release|Any CPU
	EndGlobalSection
	GlobalSection(ProjectConfigurationPlatforms) = postSolution
		{CE0B0061-4566-4D81-A316-FEEEC04E4CF8}.Debug|Any CPU.ActiveCfg = Debug|Any CPU
		{CE0B0061-4566-4D81-A316-FEEEC04E4CF8}.Debug|Any CPU.Build.0 = Debug|Any CPU
		{CE0B0061-4566-4D81-A316-FEEEC04E4CF8}.Release|Any CPU.ActiveCfg = Release|Any CPU
		{CE0B0061-4566-4D81-A316-FEEEC04E4CF8}.Release|Any CPU.Build.0 = Release|Any CPU
		{6CD719B8-2337-41C7-A810-DD6F0AEAE5AA}.Debug|Any CPU.ActiveCfg = Debug|Any CPU
		{6CD719B8-2337-41C7-A810-DD6F0AEAE5AA}.Debug|Any CPU.Build.0 = Debug|Any CPU
		{6CD719B8-2337-41C7-A810-DD6F0AEAE5AA}.Release|Any CPU.ActiveCfg = Release|Any CPU
		{6CD719B8-2337-41C7-A810-DD6F0AEAE5AA}.Release|Any CPU.Build.0 = Release|Any CPU
	EndGlobalSection
	GlobalSection(SolutionProperties) = preSolution
		HideSolutionNode = FALSE
	EndGlobalSection
	GlobalSection(ExtensibilityGlobals) = postSolution
		SolutionGuid = {ED13577B-6F43-4C65-9C19-EE1CA43D8166}
	EndGlobalSection
EndGlobal
